// !$*UTF8*$!
{
	archiveVersion = 1;
	classes = {
	};
	objectVersion = 46;
	objects = {

/* Begin PBXBuildFile section */
		219813F0193E1BCE00C2C2E6 /* Speaker.swift in Sources */ = {isa = PBXBuildFile; fileRef = 219813EF193E1BCE00C2C2E6 /* Speaker.swift */; };
		219813F2193E1BDF00C2C2E6 /* AVFoundation.framework in Frameworks */ = {isa = PBXBuildFile; fileRef = 219813F1193E1BDF00C2C2E6 /* AVFoundation.framework */; };
		21C17AD7193E0D4000733A11 /* AppDelegate.swift in Sources */ = {isa = PBXBuildFile; fileRef = 21C17AD6193E0D4000733A11 /* AppDelegate.swift */; };
		21C17ADA193E0D4000733A11 /* TextNovelSpeaker.xcdatamodeld in Sources */ = {isa = PBXBuildFile; fileRef = 21C17AD8193E0D4000733A11 /* TextNovelSpeaker.xcdatamodeld */; };
		21C17ADC193E0D4000733A11 /* ViewController.swift in Sources */ = {isa = PBXBuildFile; fileRef = 21C17ADB193E0D4000733A11 /* ViewController.swift */; };
		21C17ADF193E0D4000733A11 /* Main.storyboard in Resources */ = {isa = PBXBuildFile; fileRef = 21C17ADD193E0D4000733A11 /* Main.storyboard */; };
		21C17AE1193E0D4000733A11 /* Images.xcassets in Resources */ = {isa = PBXBuildFile; fileRef = 21C17AE0193E0D4000733A11 /* Images.xcassets */; };
		21C17AED193E0D4000733A11 /* TextNovelSpeakerTests.swift in Sources */ = {isa = PBXBuildFile; fileRef = 21C17AEC193E0D4000733A11 /* TextNovelSpeakerTests.swift */; };
/* End PBXBuildFile section */

/* Begin PBXContainerItemProxy section */
		21C17AE7193E0D4000733A11 /* PBXContainerItemProxy */ = {
			isa = PBXContainerItemProxy;
			containerPortal = 21C17AC9193E0D4000733A11 /* Project object */;
			proxyType = 1;
			remoteGlobalIDString = 21C17AD0193E0D4000733A11;
			remoteInfo = TextNovelSpeaker;
		};
/* End PBXContainerItemProxy section */

/* Begin PBXFileReference section */
		219813EF193E1BCE00C2C2E6 /* Speaker.swift */ = {isa = PBXFileReference; fileEncoding = 4; lastKnownFileType = sourcecode.swift; name = Speaker.swift; path = ../Speaker.swift; sourceTree = "<group>"; };
		219813F1193E1BDF00C2C2E6 /* AVFoundation.framework */ = {isa = PBXFileReference; lastKnownFileType = wrapper.framework; name = AVFoundation.framework; path = System/Library/Frameworks/AVFoundation.framework; sourceTree = SDKROOT; };
		21C17AD1193E0D4000733A11 /* TextNovelSpeaker.app */ = {isa = PBXFileReference; explicitFileType = wrapper.application; includeInIndex = 0; path = TextNovelSpeaker.app; sourceTree = BUILT_PRODUCTS_DIR; };
		21C17AD5193E0D4000733A11 /* Info.plist */ = {isa = PBXFileReference; lastKnownFileType = text.plist.xml; path = Info.plist; sourceTree = "<group>"; };
		21C17AD6193E0D4000733A11 /* AppDelegate.swift */ = {isa = PBXFileReference; lastKnownFileType = sourcecode.swift; path = AppDelegate.swift; sourceTree = "<group>"; };
		21C17AD9193E0D4000733A11 /* TextNovelSpeaker.xcdatamodel */ = {isa = PBXFileReference; lastKnownFileType = wrapper.xcdatamodel; path = TextNovelSpeaker.xcdatamodel; sourceTree = "<group>"; };
		21C17ADB193E0D4000733A11 /* ViewController.swift */ = {isa = PBXFileReference; lastKnownFileType = sourcecode.swift; path = ViewController.swift; sourceTree = "<group>"; };
		21C17ADE193E0D4000733A11 /* Base */ = {isa = PBXFileReference; lastKnownFileType = file.storyboard; name = Base; path = Base.lproj/Main.storyboard; sourceTree = "<group>"; };
		21C17AE0193E0D4000733A11 /* Images.xcassets */ = {isa = PBXFileReference; lastKnownFileType = folder.assetcatalog; path = Images.xcassets; sourceTree = "<group>"; };
		21C17AE6193E0D4000733A11 /* TextNovelSpeakerTests.xctest */ = {isa = PBXFileReference; explicitFileType = wrapper.cfbundle; includeInIndex = 0; path = TextNovelSpeakerTests.xctest; sourceTree = BUILT_PRODUCTS_DIR; };
		21C17AEB193E0D4000733A11 /* Info.plist */ = {isa = PBXFileReference; lastKnownFileType = text.plist.xml; path = Info.plist; sourceTree = "<group>"; };
		21C17AEC193E0D4000733A11 /* TextNovelSpeakerTests.swift */ = {isa = PBXFileReference; lastKnownFileType = sourcecode.swift; path = TextNovelSpeakerTests.swift; sourceTree = "<group>"; };
/* End PBXFileReference section */

/* Begin PBXFrameworksBuildPhase section */
		21C17ACE193E0D4000733A11 /* Frameworks */ = {
			isa = PBXFrameworksBuildPhase;
			buildActionMask = 2147483647;
			files = (
				219813F2193E1BDF00C2C2E6 /* AVFoundation.framework in Frameworks */,
			);
			runOnlyForDeploymentPostprocessing = 0;
		};
		21C17AE3193E0D4000733A11 /* Frameworks */ = {
			isa = PBXFrameworksBuildPhase;
			buildActionMask = 2147483647;
			files = (
			);
			runOnlyForDeploymentPostprocessing = 0;
		};
/* End PBXFrameworksBuildPhase section */

/* Begin PBXGroup section */
		21C17AC8193E0D4000733A11 = {
			isa = PBXGroup;
			children = (
				219813F1193E1BDF00C2C2E6 /* AVFoundation.framework */,
				21C17AD3193E0D4000733A11 /* TextNovelSpeaker */,
				21C17AE9193E0D4000733A11 /* TextNovelSpeakerTests */,
				21C17AD2193E0D4000733A11 /* Products */,
			);
			sourceTree = "<group>";
		};
		21C17AD2193E0D4000733A11 /* Products */ = {
			isa = PBXGroup;
			children = (
				21C17AD1193E0D4000733A11 /* TextNovelSpeaker.app */,
				21C17AE6193E0D4000733A11 /* TextNovelSpeakerTests.xctest */,
			);
			name = Products;
			sourceTree = "<group>";
		};
		21C17AD3193E0D4000733A11 /* TextNovelSpeaker */ = {
			isa = PBXGroup;
			children = (
				21C17AD6193E0D4000733A11 /* AppDelegate.swift */,
				21C17ADB193E0D4000733A11 /* ViewController.swift */,
				21C17ADD193E0D4000733A11 /* Main.storyboard */,
				21C17AE0193E0D4000733A11 /* Images.xcassets */,
				21C17AD8193E0D4000733A11 /* TextNovelSpeaker.xcdatamodeld */,
				219813EF193E1BCE00C2C2E6 /* Speaker.swift */,
				21C17AD4193E0D4000733A11 /* Supporting Files */,
			);
			path = TextNovelSpeaker;
			sourceTree = "<group>";
		};
		21C17AD4193E0D4000733A11 /* Supporting Files */ = {
			isa = PBXGroup;
			children = (
				21C17AD5193E0D4000733A11 /* Info.plist */,
			);
			name = "Supporting Files";
			sourceTree = "<group>";
		};
		21C17AE9193E0D4000733A11 /* TextNovelSpeakerTests */ = {
			isa = PBXGroup;
			children = (
				21C17AEC193E0D4000733A11 /* TextNovelSpeakerTests.swift */,
				21C17AEA193E0D4000733A11 /* Supporting Files */,
			);
			path = TextNovelSpeakerTests;
			sourceTree = "<group>";
		};
		21C17AEA193E0D4000733A11 /* Supporting Files */ = {
			isa = PBXGroup;
			children = (
				21C17AEB193E0D4000733A11 /* Info.plist */,
			);
			name = "Supporting Files";
			sourceTree = "<group>";
		};
/* End PBXGroup section */

/* Begin PBXNativeTarget section */
		21C17AD0193E0D4000733A11 /* TextNovelSpeaker */ = {
			isa = PBXNativeTarget;
			buildConfigurationList = 21C17AF0193E0D4000733A11 /* Build configuration list for PBXNativeTarget "TextNovelSpeaker" */;
			buildPhases = (
				21C17ACD193E0D4000733A11 /* Sources */,
				21C17ACE193E0D4000733A11 /* Frameworks */,
				21C17ACF193E0D4000733A11 /* Resources */,
			);
			buildRules = (
			);
			dependencies = (
			);
			name = TextNovelSpeaker;
			productName = TextNovelSpeaker;
			productReference = 21C17AD1193E0D4000733A11 /* TextNovelSpeaker.app */;
			productType = "com.apple.product-type.application";
		};
		21C17AE5193E0D4000733A11 /* TextNovelSpeakerTests */ = {
			isa = PBXNativeTarget;
			buildConfigurationList = 21C17AF3193E0D4000733A11 /* Build configuration list for PBXNativeTarget "TextNovelSpeakerTests" */;
			buildPhases = (
				21C17AE2193E0D4000733A11 /* Sources */,
				21C17AE3193E0D4000733A11 /* Frameworks */,
				21C17AE4193E0D4000733A11 /* Resources */,
			);
			buildRules = (
			);
			dependencies = (
				21C17AE8193E0D4000733A11 /* PBXTargetDependency */,
			);
			name = TextNovelSpeakerTests;
			productName = TextNovelSpeakerTests;
			productReference = 21C17AE6193E0D4000733A11 /* TextNovelSpeakerTests.xctest */;
			productType = "com.apple.product-type.bundle.unit-test";
		};
/* End PBXNativeTarget section */

/* Begin PBXProject section */
		21C17AC9193E0D4000733A11 /* Project object */ = {
			isa = PBXProject;
			attributes = {
				LastUpgradeCheck = 0600;
				ORGANIZATIONNAME = "IIMURA Takuji";
				TargetAttributes = {
					21C17AD0193E0D4000733A11 = {
						CreatedOnToolsVersion = 6.0;
					};
					21C17AE5193E0D4000733A11 = {
						CreatedOnToolsVersion = 6.0;
						TestTargetID = 21C17AD0193E0D4000733A11;
					};
				};
			};
			buildConfigurationList = 21C17ACC193E0D4000733A11 /* Build configuration list for PBXProject "TextNovelSpeaker" */;
			compatibilityVersion = "Xcode 3.2";
			developmentRegion = English;
			hasScannedForEncodings = 0;
			knownRegions = (
				en,
				Base,
			);
			mainGroup = 21C17AC8193E0D4000733A11;
			productRefGroup = 21C17AD2193E0D4000733A11 /* Products */;
			projectDirPath = "";
			projectRoot = "";
			targets = (
				21C17AD0193E0D4000733A11 /* TextNovelSpeaker */,
				21C17AE5193E0D4000733A11 /* TextNovelSpeakerTests */,
			);
		};
/* End PBXProject section */

/* Begin PBXResourcesBuildPhase section */
		21C17ACF193E0D4000733A11 /* Resources */ = {
			isa = PBXResourcesBuildPhase;
			buildActionMask = 2147483647;
			files = (
				21C17ADF193E0D4000733A11 /* Main.storyboard in Resources */,
				21C17AE1193E0D4000733A11 /* Images.xcassets in Resources */,
			);
			runOnlyForDeploymentPostprocessing = 0;
		};
		21C17AE4193E0D4000733A11 /* Resources */ = {
			isa = PBXResourcesBuildPhase;
			buildActionMask = 2147483647;
			files = (
			);
			runOnlyForDeploymentPostprocessing = 0;
		};
/* End PBXResourcesBuildPhase section */

/* Begin PBXSourcesBuildPhase section */
		21C17ACD193E0D4000733A11 /* Sources */ = {
			isa = PBXSourcesBuildPhase;
			buildActionMask = 2147483647;
			files = (
				21C17ADC193E0D4000733A11 /* ViewController.swift in Sources */,
				21C17AD7193E0D4000733A11 /* AppDelegate.swift in Sources */,
				21C17ADA193E0D4000733A11 /* TextNovelSpeaker.xcdatamodeld in Sources */,
				219813F0193E1BCE00C2C2E6 /* Speaker.swift in Sources */,
			);
			runOnlyForDeploymentPostprocessing = 0;
		};
		21C17AE2193E0D4000733A11 /* Sources */ = {
			isa = PBXSourcesBuildPhase;
			buildActionMask = 2147483647;
			files = (
				21C17AED193E0D4000733A11 /* TextNovelSpeakerTests.swift in Sources */,
			);
			runOnlyForDeploymentPostprocessing = 0;
		};
/* End PBXSourcesBuildPhase section */

/* Begin PBXTargetDependency section */
		21C17AE8193E0D4000733A11 /* PBXTargetDependency */ = {
			isa = PBXTargetDependency;
			target = 21C17AD0193E0D4000733A11 /* TextNovelSpeaker */;
			targetProxy = 21C17AE7193E0D4000733A11 /* PBXContainerItemProxy */;
		};
/* End PBXTargetDependency section */

/* Begin PBXVariantGroup section */
		21C17ADD193E0D4000733A11 /* Main.storyboard */ = {
			isa = PBXVariantGroup;
			children = (
				21C17ADE193E0D4000733A11 /* Base */,
			);
			name = Main.storyboard;
			sourceTree = "<group>";
		};
/* End PBXVariantGroup section */

/* Begin XCBuildConfiguration section */
		21C17AEE193E0D4000733A11 /* Debug */ = {
			isa = XCBuildConfiguration;
			buildSettings = {
				ALWAYS_SEARCH_USER_PATHS = NO;
				CLANG_CXX_LANGUAGE_STANDARD = "gnu++0x";
				CLANG_CXX_LIBRARY = "libc++";
				CLANG_ENABLE_MODULES = YES;
				CLANG_ENABLE_OBJC_ARC = YES;
				CLANG_WARN_BOOL_CONVERSION = YES;
				CLANG_WARN_CONSTANT_CONVERSION = YES;
				CLANG_WARN_DIRECT_OBJC_ISA_USAGE = YES_ERROR;
				CLANG_WARN_EMPTY_BODY = YES;
				CLANG_WARN_ENUM_CONVERSION = YES;
				CLANG_WARN_INT_CONVERSION = YES;
				CLANG_WARN_OBJC_ROOT_CLASS = YES_ERROR;
				CLANG_WARN_UNREACHABLE_CODE = YES;
				CLANG_WARN__DUPLICATE_METHOD_MATCH = YES;
				"CODE_SIGN_IDENTITY[sdk=iphoneos*]" = "iPhone Developer";
				COPY_PHASE_STRIP = NO;
				ENABLE_STRICT_OBJC_MSGSEND = YES;
				GCC_C_LANGUAGE_STANDARD = gnu99;
				GCC_DYNAMIC_NO_PIC = NO;
				GCC_OPTIMIZATION_LEVEL = 0;
				GCC_PREPROCESSOR_DEFINITIONS = (
					"DEBUG=1",
					"$(inherited)",
				);
				GCC_SYMBOLS_PRIVATE_EXTERN = NO;
				GCC_WARN_64_TO_32_BIT_CONVERSION = YES;
				GCC_WARN_ABOUT_RETURN_TYPE = YES_ERROR;
				GCC_WARN_UNDECLARED_SELECTOR = YES;
				GCC_WARN_UNINITIALIZED_AUTOS = YES_AGGRESSIVE;
				GCC_WARN_UNUSED_FUNCTION = YES;
				GCC_WARN_UNUSED_VARIABLE = YES;
				IPHONEOS_DEPLOYMENT_TARGET = 8.0;
				METAL_ENABLE_DEBUG_INFO = YES;
				ONLY_ACTIVE_ARCH = YES;
				SDKROOT = iphoneos;
				SWIFT_OPTIMIZATION_LEVEL = "-Onone";
				TARGETED_DEVICE_FAMILY = "1,2";
			};
			name = Debug;
		};
		21C17AEF193E0D4000733A11 /* Release */ = {
			isa = XCBuildConfiguration;
			buildSettings = {
				ALWAYS_SEARCH_USER_PATHS = NO;
				CLANG_CXX_LANGUAGE_STANDARD = "gnu++0x";
				CLANG_CXX_LIBRARY = "libc++";
				CLANG_ENABLE_MODULES = YES;
				CLANG_ENABLE_OBJC_ARC = YES;
				CLANG_WARN_BOOL_CONVERSION = YES;
				CLANG_WARN_CONSTANT_CONVERSION = YES;
				CLANG_WARN_DIRECT_OBJC_ISA_USAGE = YES_ERROR;
				CLANG_WARN_EMPTY_BODY = YES;
				CLANG_WARN_ENUM_CONVERSION = YES;
				CLANG_WARN_INT_CONVERSION = YES;
				CLANG_WARN_OBJC_ROOT_CLASS = YES_ERROR;
				CLANG_WARN_UNREACHABLE_CODE = YES;
				CLANG_WARN__DUPLICATE_METHOD_MATCH = YES;
				"CODE_SIGN_IDENTITY[sdk=iphoneos*]" = "iPhone Developer";
				COPY_PHASE_STRIP = YES;
				ENABLE_NS_ASSERTIONS = NO;
				ENABLE_STRICT_OBJC_MSGSEND = YES;
				GCC_C_LANGUAGE_STANDARD = gnu99;
				GCC_WARN_64_TO_32_BIT_CONVERSION = YES;
				GCC_WARN_ABOUT_RETURN_TYPE = YES_ERROR;
				GCC_WARN_UNDECLARED_SELECTOR = YES;
				GCC_WARN_UNINITIALIZED_AUTOS = YES_AGGRESSIVE;
				GCC_WARN_UNUSED_FUNCTION = YES;
				GCC_WARN_UNUSED_VARIABLE = YES;
				IPHONEOS_DEPLOYMENT_TARGET = 8.0;
				METAL_ENABLE_DEBUG_INFO = NO;
				SDKROOT = iphoneos;
				TARGETED_DEVICE_FAMILY = "1,2";
				VALIDATE_PRODUCT = YES;
			};
			name = Release;
		};
		21C17AF1193E0D4000733A11 /* Debug */ = {
			isa = XCBuildConfiguration;
			buildSettings = {
				ASSETCATALOG_COMPILER_APPICON_NAME = AppIcon;
				ASSETCATALOG_COMPILER_LAUNCHIMAGE_NAME = LaunchImage;
				INFOPLIST_FILE = TextNovelSpeaker/Info.plist;
				LD_RUNPATH_SEARCH_PATHS = "$(inherited) @executable_path/Frameworks";
				PRODUCT_NAME = "$(TARGET_NAME)";
			};
			name = Debug;
		};
		21C17AF2193E0D4000733A11 /* Release */ = {
			isa = XCBuildConfiguration;
			buildSettings = {
				ASSETCATALOG_COMPILER_APPICON_NAME = AppIcon;
				ASSETCATALOG_COMPILER_LAUNCHIMAGE_NAME = LaunchImage;
				INFOPLIST_FILE = TextNovelSpeaker/Info.plist;
				LD_RUNPATH_SEARCH_PATHS = "$(inherited) @executable_path/Frameworks";
				PRODUCT_NAME = "$(TARGET_NAME)";
			};
			name = Release;
		};
		21C17AF4193E0D4000733A11 /* Debug */ = {
			isa = XCBuildConfiguration;
			buildSettings = {
				BUNDLE_LOADER = "$(BUILT_PRODUCTS_DIR)/TextNovelSpeaker.app/TextNovelSpeaker";
				FRAMEWORK_SEARCH_PATHS = (
					"$(SDKROOT)/Developer/Library/Frameworks",
					"$(inherited)",
				);
				GCC_PREPROCESSOR_DEFINITIONS = (
					"DEBUG=1",
					"$(inherited)",
				);
				INFOPLIST_FILE = TextNovelSpeakerTests/Info.plist;
				LD_RUNPATH_SEARCH_PATHS = "$(inherited) @executable_path/Frameworks @loader_path/Frameworks";
				METAL_ENABLE_DEBUG_INFO = YES;
				PRODUCT_NAME = "$(TARGET_NAME)";
				TEST_HOST = "$(BUNDLE_LOADER)";
			};
			name = Debug;
		};
		21C17AF5193E0D4000733A11 /* Release */ = {
			isa = XCBuildConfiguration;
			buildSettings = {
				BUNDLE_LOADER = "$(BUILT_PRODUCTS_DIR)/TextNovelSpeaker.app/TextNovelSpeaker";
				FRAMEWORK_SEARCH_PATHS = (
					"$(SDKROOT)/Developer/Library/Frameworks",
					"$(inherited)",
				);
				INFOPLIST_FILE = TextNovelSpeakerTests/Info.plist;
				LD_RUNPATH_SEARCH_PATHS = "$(inherited) @executable_path/Frameworks @loader_path/Frameworks";
				METAL_ENABLE_DEBUG_INFO = NO;
				PRODUCT_NAME = "$(TARGET_NAME)";
				TEST_HOST = "$(BUNDLE_LOADER)";
			};
			name = Release;
		};
/* End XCBuildConfiguration section */

/* Begin XCConfigurationList section */
		21C17ACC193E0D4000733A11 /* Build configuration list for PBXProject "TextNovelSpeaker" */ = {
			isa = XCConfigurationList;
			buildConfigurations = (
				21C17AEE193E0D4000733A11 /* Debug */,
				21C17AEF193E0D4000733A11 /* Release */,
			);
			defaultConfigurationIsVisible = 0;
			defaultConfigurationName = Release;
		};
		21C17AF0193E0D4000733A11 /* Build configuration list for PBXNativeTarget "TextNovelSpeaker" */ = {
			isa = XCConfigurationList;
			buildConfigurations = (
				21C17AF1193E0D4000733A11 /* Debug */,
				21C17AF2193E0D4000733A11 /* Release */,
			);
			defaultConfigurationIsVisible = 0;
			defaultConfigurationName = Release;
		};
		21C17AF3193E0D4000733A11 /* Build configuration list for PBXNativeTarget "TextNovelSpeakerTests" */ = {
			isa = XCConfigurationList;
			buildConfigurations = (
				21C17AF4193E0D4000733A11 /* Debug */,
				21C17AF5193E0D4000733A11 /* Release */,
			);
			defaultConfigurationIsVisible = 0;
			defaultConfigurationName = Release;
		};
/* End XCConfigurationList section */

/* Begin XCVersionGroup section */
		21C17AD8193E0D4000733A11 /* TextNovelSpeaker.xcdatamodeld */ = {
			isa = XCVersionGroup;
			children = (
				21C17AD9193E0D4000733A11 /* TextNovelSpeaker.xcdatamodel */,
			);
			currentVersion = 21C17AD9193E0D4000733A11 /* TextNovelSpeaker.xcdatamodel */;
			path = TextNovelSpeaker.xcdatamodeld;
			sourceTree = "<group>";
			versionGroupType = wrapper.xcdatamodel;
		};
/* End XCVersionGroup section */
	};
	rootObject = 21C17AC9193E0D4000733A11 /* Project object */;
}
